// !$*UTF8*$!
{
	archiveVersion = 1;
	classes = {
	};
	objectVersion = 48;
	objects = {

/* Begin PBXBuildFile section */
		BA472E171FCCF39C0039CE5E /* 201052564110453.jpg in Resources */ = {isa = PBXBuildFile; fileRef = BA472E161FCCF3990039CE5E /* 201052564110453.jpg */; };
		BA56DA301FCC1DC4000E2121 /* AppDelegate.m in Sources */ = {isa = PBXBuildFile; fileRef = BA56DA2F1FCC1DC4000E2121 /* AppDelegate.m */; };
		BA56DA331FCC1DC4000E2121 /* ViewController.m in Sources */ = {isa = PBXBuildFile; fileRef = BA56DA321FCC1DC4000E2121 /* ViewController.m */; };
		BA56DA361FCC1DC4000E2121 /* Main.storyboard in Resources */ = {isa = PBXBuildFile; fileRef = BA56DA341FCC1DC4000E2121 /* Main.storyboard */; };
		BA56DA381FCC1DC4000E2121 /* Assets.xcassets in Resources */ = {isa = PBXBuildFile; fileRef = BA56DA371FCC1DC4000E2121 /* Assets.xcassets */; };
		BA56DA3B1FCC1DC4000E2121 /* LaunchScreen.storyboard in Resources */ = {isa = PBXBuildFile; fileRef = BA56DA391FCC1DC4000E2121 /* LaunchScreen.storyboard */; };
		BA56DA3E1FCC1DC4000E2121 /* main.m in Sources */ = {isa = PBXBuildFile; fileRef = BA56DA3D1FCC1DC4000E2121 /* main.m */; };
		BA56DA481FCC1DC5000E2121 /* graph_gary_algorithmTests.m in Sources */ = {isa = PBXBuildFile; fileRef = BA56DA471FCC1DC5000E2121 /* graph_gary_algorithmTests.m */; };
		BA56DA531FCC1DC5000E2121 /* graph_gary_algorithmUITests.m in Sources */ = {isa = PBXBuildFile; fileRef = BA56DA521FCC1DC5000E2121 /* graph_gary_algorithmUITests.m */; };
		BA56DA621FCC1DFA000E2121 /* graph_gray.c in Sources */ = {isa = PBXBuildFile; fileRef = BA56DA601FCC1DFA000E2121 /* graph_gray.c */; };
		BA7D80E41FCFDEFD001FB38B /* graph_threshold.c in Sources */ = {isa = PBXBuildFile; fileRef = BA7D80E21FCFDEFD001FB38B /* graph_threshold.c */; };
		BAB208791FD108D3006DFC9F /* UIImage+TransformToPixel.m in Sources */ = {isa = PBXBuildFile; fileRef = BAB208781FD108D3006DFC9F /* UIImage+TransformToPixel.m */; };
/* End PBXBuildFile section */

/* Begin PBXContainerItemProxy section */
		BA56DA441FCC1DC5000E2121 /* PBXContainerItemProxy */ = {
			isa = PBXContainerItemProxy;
			containerPortal = BA56DA231FCC1DC4000E2121 /* Project object */;
			proxyType = 1;
			remoteGlobalIDString = BA56DA2A1FCC1DC4000E2121;
			remoteInfo = graph_gary_algorithm;
		};
		BA56DA4F1FCC1DC5000E2121 /* PBXContainerItemProxy */ = {
			isa = PBXContainerItemProxy;
			containerPortal = BA56DA231FCC1DC4000E2121 /* Project object */;
			proxyType = 1;
			remoteGlobalIDString = BA56DA2A1FCC1DC4000E2121;
			remoteInfo = graph_gary_algorithm;
		};
/* End PBXContainerItemProxy section */

/* Begin PBXFileReference section */
		BA472E161FCCF3990039CE5E /* 201052564110453.jpg */ = {isa = PBXFileReference; lastKnownFileType = image.jpeg; path = 201052564110453.jpg; sourceTree = "<group>"; };
		BA56DA2B1FCC1DC4000E2121 /* graph_gary_algorithm.app */ = {isa = PBXFileReference; explicitFileType = wrapper.application; includeInIndex = 0; path = graph_gary_algorithm.app; sourceTree = BUILT_PRODUCTS_DIR; };
		BA56DA2E1FCC1DC4000E2121 /* AppDelegate.h */ = {isa = PBXFileReference; lastKnownFileType = sourcecode.c.h; path = AppDelegate.h; sourceTree = "<group>"; };
		BA56DA2F1FCC1DC4000E2121 /* AppDelegate.m */ = {isa = PBXFileReference; lastKnownFileType = sourcecode.c.objc; path = AppDelegate.m; sourceTree = "<group>"; };
		BA56DA311FCC1DC4000E2121 /* ViewController.h */ = {isa = PBXFileReference; lastKnownFileType = sourcecode.c.h; path = ViewController.h; sourceTree = "<group>"; };
		BA56DA321FCC1DC4000E2121 /* ViewController.m */ = {isa = PBXFileReference; lastKnownFileType = sourcecode.c.objc; path = ViewController.m; sourceTree = "<group>"; };
		BA56DA351FCC1DC4000E2121 /* Base */ = {isa = PBXFileReference; lastKnownFileType = file.storyboard; name = Base; path = Base.lproj/Main.storyboard; sourceTree = "<group>"; };
		BA56DA371FCC1DC4000E2121 /* Assets.xcassets */ = {isa = PBXFileReference; lastKnownFileType = folder.assetcatalog; path = Assets.xcassets; sourceTree = "<group>"; };
		BA56DA3A1FCC1DC4000E2121 /* Base */ = {isa = PBXFileReference; lastKnownFileType = file.storyboard; name = Base; path = Base.lproj/LaunchScreen.storyboard; sourceTree = "<group>"; };
		BA56DA3C1FCC1DC4000E2121 /* Info.plist */ = {isa = PBXFileReference; lastKnownFileType = text.plist.xml; path = Info.plist; sourceTree = "<group>"; };
		BA56DA3D1FCC1DC4000E2121 /* main.m */ = {isa = PBXFileReference; lastKnownFileType = sourcecode.c.objc; path = main.m; sourceTree = "<group>"; };
		BA56DA431FCC1DC5000E2121 /* graph_gary_algorithmTests.xctest */ = {isa = PBXFileReference; explicitFileType = wrapper.cfbundle; includeInIndex = 0; path = graph_gary_algorithmTests.xctest; sourceTree = BUILT_PRODUCTS_DIR; };
		BA56DA471FCC1DC5000E2121 /* graph_gary_algorithmTests.m */ = {isa = PBXFileReference; lastKnownFileType = sourcecode.c.objc; path = graph_gary_algorithmTests.m; sourceTree = "<group>"; };
		BA56DA491FCC1DC5000E2121 /* Info.plist */ = {isa = PBXFileReference; lastKnownFileType = text.plist.xml; path = Info.plist; sourceTree = "<group>"; };
		BA56DA4E1FCC1DC5000E2121 /* graph_gary_algorithmUITests.xctest */ = {isa = PBXFileReference; explicitFileType = wrapper.cfbundle; includeInIndex = 0; path = graph_gary_algorithmUITests.xctest; sourceTree = BUILT_PRODUCTS_DIR; };
		BA56DA521FCC1DC5000E2121 /* graph_gary_algorithmUITests.m */ = {isa = PBXFileReference; lastKnownFileType = sourcecode.c.objc; path = graph_gary_algorithmUITests.m; sourceTree = "<group>"; };
		BA56DA541FCC1DC5000E2121 /* Info.plist */ = {isa = PBXFileReference; lastKnownFileType = text.plist.xml; path = Info.plist; sourceTree = "<group>"; };
		BA56DA601FCC1DFA000E2121 /* graph_gray.c */ = {isa = PBXFileReference; lastKnownFileType = sourcecode.c.c; path = graph_gray.c; sourceTree = "<group>"; };
		BA56DA611FCC1DFA000E2121 /* graph_gray.h */ = {isa = PBXFileReference; lastKnownFileType = sourcecode.c.h; path = graph_gray.h; sourceTree = "<group>"; };
		BA7D80E21FCFDEFD001FB38B /* graph_threshold.c */ = {isa = PBXFileReference; lastKnownFileType = sourcecode.c.c; path = graph_threshold.c; sourceTree = "<group>"; };
		BA7D80E31FCFDEFD001FB38B /* graph_threshold.h */ = {isa = PBXFileReference; lastKnownFileType = sourcecode.c.h; path = graph_threshold.h; sourceTree = "<group>"; };
		BAB208771FD108D3006DFC9F /* UIImage+TransformToPixel.h */ = {isa = PBXFileReference; lastKnownFileType = sourcecode.c.h; path = "UIImage+TransformToPixel.h"; sourceTree = "<group>"; };
		BAB208781FD108D3006DFC9F /* UIImage+TransformToPixel.m */ = {isa = PBXFileReference; lastKnownFileType = sourcecode.c.objc; path = "UIImage+TransformToPixel.m"; sourceTree = "<group>"; };
		BAB2087A1FD13118006DFC9F /* graph_util.h */ = {isa = PBXFileReference; lastKnownFileType = sourcecode.c.h; path = graph_util.h; sourceTree = "<group>"; };
/* End PBXFileReference section */

/* Begin PBXFrameworksBuildPhase section */
		BA56DA281FCC1DC4000E2121 /* Frameworks */ = {
			isa = PBXFrameworksBuildPhase;
			buildActionMask = 2147483647;
			files = (
			);
			runOnlyForDeploymentPostprocessing = 0;
		};
		BA56DA401FCC1DC5000E2121 /* Frameworks */ = {
			isa = PBXFrameworksBuildPhase;
			buildActionMask = 2147483647;
			files = (
			);
			runOnlyForDeploymentPostprocessing = 0;
		};
		BA56DA4B1FCC1DC5000E2121 /* Frameworks */ = {
			isa = PBXFrameworksBuildPhase;
			buildActionMask = 2147483647;
			files = (
			);
			runOnlyForDeploymentPostprocessing = 0;
		};
/* End PBXFrameworksBuildPhase section */

/* Begin PBXGroup section */
		BA56DA221FCC1DC4000E2121 = {
			isa = PBXGroup;
			children = (
				BA56DA2D1FCC1DC4000E2121 /* graph_gary_algorithm */,
				BA56DA461FCC1DC5000E2121 /* graph_gary_algorithmTests */,
				BA56DA511FCC1DC5000E2121 /* graph_gary_algorithmUITests */,
				BA56DA2C1FCC1DC4000E2121 /* Products */,
			);
			sourceTree = "<group>";
		};
		BA56DA2C1FCC1DC4000E2121 /* Products */ = {
			isa = PBXGroup;
			children = (
				BA56DA2B1FCC1DC4000E2121 /* graph_gary_algorithm.app */,
				BA56DA431FCC1DC5000E2121 /* graph_gary_algorithmTests.xctest */,
				BA56DA4E1FCC1DC5000E2121 /* graph_gary_algorithmUITests.xctest */,
			);
			name = Products;
			sourceTree = "<group>";
		};
		BA56DA2D1FCC1DC4000E2121 /* graph_gary_algorithm */ = {
			isa = PBXGroup;
			children = (
				BA56DA2E1FCC1DC4000E2121 /* AppDelegate.h */,
				BA56DA2F1FCC1DC4000E2121 /* AppDelegate.m */,
				BA56DA311FCC1DC4000E2121 /* ViewController.h */,
				BA56DA321FCC1DC4000E2121 /* ViewController.m */,
				BA472E161FCCF3990039CE5E /* 201052564110453.jpg */,
				BA56DA601FCC1DFA000E2121 /* graph_gray.c */,
				BA56DA611FCC1DFA000E2121 /* graph_gray.h */,
				BA7D80E21FCFDEFD001FB38B /* graph_threshold.c */,
				BA7D80E31FCFDEFD001FB38B /* graph_threshold.h */,
				BAB2087A1FD13118006DFC9F /* graph_util.h */,
				BAB208771FD108D3006DFC9F /* UIImage+TransformToPixel.h */,
				BAB208781FD108D3006DFC9F /* UIImage+TransformToPixel.m */,
				BA56DA341FCC1DC4000E2121 /* Main.storyboard */,
				BA56DA371FCC1DC4000E2121 /* Assets.xcassets */,
				BA56DA391FCC1DC4000E2121 /* LaunchScreen.storyboard */,
				BA56DA3C1FCC1DC4000E2121 /* Info.plist */,
				BA56DA3D1FCC1DC4000E2121 /* main.m */,
			);
			path = graph_gary_algorithm;
			sourceTree = "<group>";
		};
		BA56DA461FCC1DC5000E2121 /* graph_gary_algorithmTests */ = {
			isa = PBXGroup;
			children = (
				BA56DA471FCC1DC5000E2121 /* graph_gary_algorithmTests.m */,
				BA56DA491FCC1DC5000E2121 /* Info.plist */,
			);
			path = graph_gary_algorithmTests;
			sourceTree = "<group>";
		};
		BA56DA511FCC1DC5000E2121 /* graph_gary_algorithmUITests */ = {
			isa = PBXGroup;
			children = (
				BA56DA521FCC1DC5000E2121 /* graph_gary_algorithmUITests.m */,
				BA56DA541FCC1DC5000E2121 /* Info.plist */,
			);
			path = graph_gary_algorithmUITests;
			sourceTree = "<group>";
		};
/* End PBXGroup section */

/* Begin PBXNativeTarget section */
		BA56DA2A1FCC1DC4000E2121 /* graph_gary_algorithm */ = {
			isa = PBXNativeTarget;
			buildConfigurationList = BA56DA571FCC1DC5000E2121 /* Build configuration list for PBXNativeTarget "graph_gary_algorithm" */;
			buildPhases = (
				BA56DA271FCC1DC4000E2121 /* Sources */,
				BA56DA281FCC1DC4000E2121 /* Frameworks */,
				BA56DA291FCC1DC4000E2121 /* Resources */,
			);
			buildRules = (
			);
			dependencies = (
			);
			name = graph_gary_algorithm;
			productName = graph_gary_algorithm;
			productReference = BA56DA2B1FCC1DC4000E2121 /* graph_gary_algorithm.app */;
			productType = "com.apple.product-type.application";
		};
		BA56DA421FCC1DC5000E2121 /* graph_gary_algorithmTests */ = {
			isa = PBXNativeTarget;
			buildConfigurationList = BA56DA5A1FCC1DC5000E2121 /* Build configuration list for PBXNativeTarget "graph_gary_algorithmTests" */;
			buildPhases = (
				BA56DA3F1FCC1DC5000E2121 /* Sources */,
				BA56DA401FCC1DC5000E2121 /* Frameworks */,
				BA56DA411FCC1DC5000E2121 /* Resources */,
			);
			buildRules = (
			);
			dependencies = (
				BA56DA451FCC1DC5000E2121 /* PBXTargetDependency */,
			);
			name = graph_gary_algorithmTests;
			productName = graph_gary_algorithmTests;
			productReference = BA56DA431FCC1DC5000E2121 /* graph_gary_algorithmTests.xctest */;
			productType = "com.apple.product-type.bundle.unit-test";
		};
		BA56DA4D1FCC1DC5000E2121 /* graph_gary_algorithmUITests */ = {
			isa = PBXNativeTarget;
			buildConfigurationList = BA56DA5D1FCC1DC5000E2121 /* Build configuration list for PBXNativeTarget "graph_gary_algorithmUITests" */;
			buildPhases = (
				BA56DA4A1FCC1DC5000E2121 /* Sources */,
				BA56DA4B1FCC1DC5000E2121 /* Frameworks */,
				BA56DA4C1FCC1DC5000E2121 /* Resources */,
			);
			buildRules = (
			);
			dependencies = (
				BA56DA501FCC1DC5000E2121 /* PBXTargetDependency */,
			);
			name = graph_gary_algorithmUITests;
			productName = graph_gary_algorithmUITests;
			productReference = BA56DA4E1FCC1DC5000E2121 /* graph_gary_algorithmUITests.xctest */;
			productType = "com.apple.product-type.bundle.ui-testing";
		};
/* End PBXNativeTarget section */

/* Begin PBXProject section */
		BA56DA231FCC1DC4000E2121 /* Project object */ = {
			isa = PBXProject;
			attributes = {
				LastUpgradeCheck = 0900;
				ORGANIZATIONNAME = "chen liang";
				TargetAttributes = {
					BA56DA2A1FCC1DC4000E2121 = {
						CreatedOnToolsVersion = 9.0;
						ProvisioningStyle = Automatic;
					};
					BA56DA421FCC1DC5000E2121 = {
						CreatedOnToolsVersion = 9.0;
						ProvisioningStyle = Automatic;
						TestTargetID = BA56DA2A1FCC1DC4000E2121;
					};
					BA56DA4D1FCC1DC5000E2121 = {
						CreatedOnToolsVersion = 9.0;
						ProvisioningStyle = Automatic;
						TestTargetID = BA56DA2A1FCC1DC4000E2121;
					};
				};
			};
			buildConfigurationList = BA56DA261FCC1DC4000E2121 /* Build configuration list for PBXProject "graph_gary_algorithm" */;
			compatibilityVersion = "Xcode 8.0";
			developmentRegion = en;
			hasScannedForEncodings = 0;
			knownRegions = (
				en,
				Base,
			);
			mainGroup = BA56DA221FCC1DC4000E2121;
			productRefGroup = BA56DA2C1FCC1DC4000E2121 /* Products */;
			projectDirPath = "";
			projectRoot = "";
			targets = (
				BA56DA2A1FCC1DC4000E2121 /* graph_gary_algorithm */,
				BA56DA421FCC1DC5000E2121 /* graph_gary_algorithmTests */,
				BA56DA4D1FCC1DC5000E2121 /* graph_gary_algorithmUITests */,
			);
		};
/* End PBXProject section */

/* Begin PBXResourcesBuildPhase section */
		BA56DA291FCC1DC4000E2121 /* Resources */ = {
			isa = PBXResourcesBuildPhase;
			buildActionMask = 2147483647;
			files = (
				BA56DA3B1FCC1DC4000E2121 /* LaunchScreen.storyboard in Resources */,
				BA472E171FCCF39C0039CE5E /* 201052564110453.jpg in Resources */,
				BA56DA381FCC1DC4000E2121 /* Assets.xcassets in Resources */,
				BA56DA361FCC1DC4000E2121 /* Main.storyboard in Resources */,
			);
			runOnlyForDeploymentPostprocessing = 0;
		};
		BA56DA411FCC1DC5000E2121 /* Resources */ = {
			isa = PBXResourcesBuildPhase;
			buildActionMask = 2147483647;
			files = (
			);
			runOnlyForDeploymentPostprocessing = 0;
		};
		BA56DA4C1FCC1DC5000E2121 /* Resources */ = {
			isa = PBXResourcesBuildPhase;
			buildActionMask = 2147483647;
			files = (
			);
			runOnlyForDeploymentPostprocessing = 0;
		};
/* End PBXResourcesBuildPhase section */

/* Begin PBXSourcesBuildPhase section */
		BA56DA271FCC1DC4000E2121 /* Sources */ = {
			isa = PBXSourcesBuildPhase;
			buildActionMask = 2147483647;
			files = (
				BAB208791FD108D3006DFC9F /* UIImage+TransformToPixel.m in Sources */,
				BA56DA331FCC1DC4000E2121 /* ViewController.m in Sources */,
				BA56DA621FCC1DFA000E2121 /* graph_gray.c in Sources */,
				BA56DA3E1FCC1DC4000E2121 /* main.m in Sources */,
				BA7D80E41FCFDEFD001FB38B /* graph_threshold.c in Sources */,
				BA56DA301FCC1DC4000E2121 /* AppDelegate.m in Sources */,
			);
			runOnlyForDeploymentPostprocessing = 0;
		};
		BA56DA3F1FCC1DC5000E2121 /* Sources */ = {
			isa = PBXSourcesBuildPhase;
			buildActionMask = 2147483647;
			files = (
				BA56DA481FCC1DC5000E2121 /* graph_gary_algorithmTests.m in Sources */,
			);
			runOnlyForDeploymentPostprocessing = 0;
		};
		BA56DA4A1FCC1DC5000E2121 /* Sources */ = {
			isa = PBXSourcesBuildPhase;
			buildActionMask = 2147483647;
			files = (
				BA56DA531FCC1DC5000E2121 /* graph_gary_algorithmUITests.m in Sources */,
			);
			runOnlyForDeploymentPostprocessing = 0;
		};
/* End PBXSourcesBuildPhase section */

/* Begin PBXTargetDependency section */
		BA56DA451FCC1DC5000E2121 /* PBXTargetDependency */ = {
			isa = PBXTargetDependency;
			target = BA56DA2A1FCC1DC4000E2121 /* graph_gary_algorithm */;
			targetProxy = BA56DA441FCC1DC5000E2121 /* PBXContainerItemProxy */;
		};
		BA56DA501FCC1DC5000E2121 /* PBXTargetDependency */ = {
			isa = PBXTargetDependency;
			target = BA56DA2A1FCC1DC4000E2121 /* graph_gary_algorithm */;
			targetProxy = BA56DA4F1FCC1DC5000E2121 /* PBXContainerItemProxy */;
		};
/* End PBXTargetDependency section */

/* Begin PBXVariantGroup section */
		BA56DA341FCC1DC4000E2121 /* Main.storyboard */ = {
			isa = PBXVariantGroup;
			children = (
				BA56DA351FCC1DC4000E2121 /* Base */,
			);
			name = Main.storyboard;
			sourceTree = "<group>";
		};
		BA56DA391FCC1DC4000E2121 /* LaunchScreen.storyboard */ = {
			isa = PBXVariantGroup;
			children = (
				BA56DA3A1FCC1DC4000E2121 /* Base */,
			);
			name = LaunchScreen.storyboard;
			sourceTree = "<group>";
		};
/* End PBXVariantGroup section */

/* Begin XCBuildConfiguration section */
		BA56DA551FCC1DC5000E2121 /* Debug */ = {
			isa = XCBuildConfiguration;
			buildSettings = {
				ALWAYS_SEARCH_USER_PATHS = NO;
				CLANG_ANALYZER_NONNULL = YES;
				CLANG_ANALYZER_NUMBER_OBJECT_CONVERSION = YES_AGGRESSIVE;
				CLANG_CXX_LANGUAGE_STANDARD = "gnu++14";
				CLANG_CXX_LIBRARY = "libc++";
				CLANG_ENABLE_MODULES = YES;
				CLANG_ENABLE_OBJC_ARC = YES;
				CLANG_WARN_BLOCK_CAPTURE_AUTORELEASING = YES;
				CLANG_WARN_BOOL_CONVERSION = YES;
				CLANG_WARN_COMMA = YES;
				CLANG_WARN_CONSTANT_CONVERSION = YES;
				CLANG_WARN_DIRECT_OBJC_ISA_USAGE = YES_ERROR;
				CLANG_WARN_DOCUMENTATION_COMMENTS = YES;
				CLANG_WARN_EMPTY_BODY = YES;
				CLANG_WARN_ENUM_CONVERSION = YES;
				CLANG_WARN_INFINITE_RECURSION = YES;
				CLANG_WARN_INT_CONVERSION = YES;
				CLANG_WARN_NON_LITERAL_NULL_CONVERSION = YES;
				CLANG_WARN_OBJC_LITERAL_CONVERSION = YES;
				CLANG_WARN_OBJC_ROOT_CLASS = YES_ERROR;
				CLANG_WARN_RANGE_LOOP_ANALYSIS = YES;
				CLANG_WARN_STRICT_PROTOTYPES = YES;
				CLANG_WARN_SUSPICIOUS_MOVE = YES;
				CLANG_WARN_UNGUARDED_AVAILABILITY = YES_AGGRESSIVE;
				CLANG_WARN_UNREACHABLE_CODE = YES;
				CLANG_WARN__DUPLICATE_METHOD_MATCH = YES;
				CODE_SIGN_IDENTITY = "iPhone Developer";
				COPY_PHASE_STRIP = NO;
				DEBUG_INFORMATION_FORMAT = dwarf;
				ENABLE_STRICT_OBJC_MSGSEND = YES;
				ENABLE_TESTABILITY = YES;
				GCC_C_LANGUAGE_STANDARD = gnu11;
				GCC_DYNAMIC_NO_PIC = NO;
				GCC_NO_COMMON_BLOCKS = YES;
				GCC_OPTIMIZATION_LEVEL = 0;
				GCC_PREPROCESSOR_DEFINITIONS = (
					"DEBUG=1",
					"$(inherited)",
				);
				GCC_WARN_64_TO_32_BIT_CONVERSION = YES;
				GCC_WARN_ABOUT_RETURN_TYPE = YES_ERROR;
				GCC_WARN_UNDECLARED_SELECTOR = YES;
				GCC_WARN_UNINITIALIZED_AUTOS = YES_AGGRESSIVE;
				GCC_WARN_UNUSED_FUNCTION = YES;
				GCC_WARN_UNUSED_VARIABLE = YES;
				IPHONEOS_DEPLOYMENT_TARGET = 11.0;
				MTL_ENABLE_DEBUG_INFO = YES;
				ONLY_ACTIVE_ARCH = YES;
				SDKROOT = iphoneos;
			};
			name = Debug;
		};
		BA56DA561FCC1DC5000E2121 /* Release */ = {
			isa = XCBuildConfiguration;
			buildSettings = {
				ALWAYS_SEARCH_USER_PATHS = NO;
				CLANG_ANALYZER_NONNULL = YES;
				CLANG_ANALYZER_NUMBER_OBJECT_CONVERSION = YES_AGGRESSIVE;
				CLANG_CXX_LANGUAGE_STANDARD = "gnu++14";
				CLANG_CXX_LIBRARY = "libc++";
				CLANG_ENABLE_MODULES = YES;
				CLANG_ENABLE_OBJC_ARC = YES;
				CLANG_WARN_BLOCK_CAPTURE_AUTORELEASING = YES;
				CLANG_WARN_BOOL_CONVERSION = YES;
				CLANG_WARN_COMMA = YES;
				CLANG_WARN_CONSTANT_CONVERSION = YES;
				CLANG_WARN_DIRECT_OBJC_ISA_USAGE = YES_ERROR;
				CLANG_WARN_DOCUMENTATION_COMMENTS = YES;
				CLANG_WARN_EMPTY_BODY = YES;
				CLANG_WARN_ENUM_CONVERSION = YES;
				CLANG_WARN_INFINITE_RECURSION = YES;
				CLANG_WARN_INT_CONVERSION = YES;
				CLANG_WARN_NON_LITERAL_NULL_CONVERSION = YES;
				CLANG_WARN_OBJC_LITERAL_CONVERSION = YES;
				CLANG_WARN_OBJC_ROOT_CLASS = YES_ERROR;
				CLANG_WARN_RANGE_LOOP_ANALYSIS = YES;
				CLANG_WARN_STRICT_PROTOTYPES = YES;
				CLANG_WARN_SUSPICIOUS_MOVE = YES;
				CLANG_WARN_UNGUARDED_AVAILABILITY = YES_AGGRESSIVE;
				CLANG_WARN_UNREACHABLE_CODE = YES;
				CLANG_WARN__DUPLICATE_METHOD_MATCH = YES;
				CODE_SIGN_IDENTITY = "iPhone Developer";
				COPY_PHASE_STRIP = NO;
				DEBUG_INFORMATION_FORMAT = "dwarf-with-dsym";
				ENABLE_NS_ASSERTIONS = NO;
				ENABLE_STRICT_OBJC_MSGSEND = YES;
				GCC_C_LANGUAGE_STANDARD = gnu11;
				GCC_NO_COMMON_BLOCKS = YES;
				GCC_WARN_64_TO_32_BIT_CONVERSION = YES;
				GCC_WARN_ABOUT_RETURN_TYPE = YES_ERROR;
				GCC_WARN_UNDECLARED_SELECTOR = YES;
				GCC_WARN_UNINITIALIZED_AUTOS = YES_AGGRESSIVE;
				GCC_WARN_UNUSED_FUNCTION = YES;
				GCC_WARN_UNUSED_VARIABLE = YES;
				IPHONEOS_DEPLOYMENT_TARGET = 11.0;
				MTL_ENABLE_DEBUG_INFO = NO;
				SDKROOT = iphoneos;
				VALIDATE_PRODUCT = YES;
			};
			name = Release;
		};
		BA56DA581FCC1DC5000E2121 /* Debug */ = {
			isa = XCBuildConfiguration;
			buildSettings = {
				ASSETCATALOG_COMPILER_APPICON_NAME = AppIcon;
				CODE_SIGN_STYLE = Automatic;
				DEVELOPMENT_TEAM = TST4LEUS93;
				INFOPLIST_FILE = graph_gary_algorithm/Info.plist;
				LD_RUNPATH_SEARCH_PATHS = "$(inherited) @executable_path/Frameworks";
				PRODUCT_BUNDLE_IDENTIFIER = "com.demo-tool.weiclicai.graph-gary-algorithm";
				PRODUCT_NAME = "$(TARGET_NAME)";
				TARGETED_DEVICE_FAMILY = "1,2";
			};
			name = Debug;
		};
		BA56DA591FCC1DC5000E2121 /* Release */ = {
			isa = XCBuildConfiguration;
			buildSettings = {
				ASSETCATALOG_COMPILER_APPICON_NAME = AppIcon;
				CODE_SIGN_STYLE = Automatic;
				DEVELOPMENT_TEAM = TST4LEUS93;
				INFOPLIST_FILE = graph_gary_algorithm/Info.plist;
				LD_RUNPATH_SEARCH_PATHS = "$(inherited) @executable_path/Frameworks";
				PRODUCT_BUNDLE_IDENTIFIER = "com.demo-tool.weiclicai.graph-gary-algorithm";
				PRODUCT_NAME = "$(TARGET_NAME)";
				TARGETED_DEVICE_FAMILY = "1,2";
			};
			name = Release;
		};
		BA56DA5B1FCC1DC5000E2121 /* Debug */ = {
			isa = XCBuildConfiguration;
			buildSettings = {
				BUNDLE_LOADER = "$(TEST_HOST)";
				CODE_SIGN_STYLE = Automatic;
				INFOPLIST_FILE = graph_gary_algorithmTests/Info.plist;
				LD_RUNPATH_SEARCH_PATHS = "$(inherited) @executable_path/Frameworks @loader_path/Frameworks";
				PRODUCT_BUNDLE_IDENTIFIER = "com.demo-tool.weiclicai.graph-gary-algorithmTests";
				PRODUCT_NAME = "$(TARGET_NAME)";
				TARGETED_DEVICE_FAMILY = "1,2";
				TEST_HOST = "$(BUILT_PRODUCTS_DIR)/graph_gary_algorithm.app/graph_gary_algorithm";
			};
			name = Debug;
		};
		BA56DA5C1FCC1DC5000E2121 /* Release */ = {
			isa = XCBuildConfiguration;
			buildSettings = {
				BUNDLE_LOADER = "$(TEST_HOST)";
				CODE_SIGN_STYLE = Automatic;
				INFOPLIST_FILE = graph_gary_algorithmTests/Info.plist;
				LD_RUNPATH_SEARCH_PATHS = "$(inherited) @executable_path/Frameworks @loader_path/Frameworks";
				PRODUCT_BUNDLE_IDENTIFIER = "com.demo-tool.weiclicai.graph-gary-algorithmTests";
				PRODUCT_NAME = "$(TARGET_NAME)";
				TARGETED_DEVICE_FAMILY = "1,2";
				TEST_HOST = "$(BUILT_PRODUCTS_DIR)/graph_gary_algorithm.app/graph_gary_algorithm";
			};
			name = Release;
		};
		BA56DA5E1FCC1DC5000E2121 /* Debug */ = {
			isa = XCBuildConfiguration;
			buildSettings = {
				CODE_SIGN_STYLE = Automatic;
				INFOPLIST_FILE = graph_gary_algorithmUITests/Info.plist;
				LD_RUNPATH_SEARCH_PATHS = "$(inherited) @executable_path/Frameworks @loader_path/Frameworks";
				PRODUCT_BUNDLE_IDENTIFIER = "com.demo-tool.weiclicai.graph-gary-algorithmUITests";
				PRODUCT_NAME = "$(TARGET_NAME)";
				TARGETED_DEVICE_FAMILY = "1,2";
				TEST_TARGET_NAME = graph_gary_algorithm;
			};
			name = Debug;
		};
		BA56DA5F1FCC1DC5000E2121 /* Release */ = {
			isa = XCBuildConfiguration;
			buildSettings = {
				CODE_SIGN_STYLE = Automatic;
				INFOPLIST_FILE = graph_gary_algorithmUITests/Info.plist;
				LD_RUNPATH_SEARCH_PATHS = "$(inherited) @executable_path/Frameworks @loader_path/Frameworks";
				PRODUCT_BUNDLE_IDENTIFIER = "com.demo-tool.weiclicai.graph-gary-algorithmUITests";
				PRODUCT_NAME = "$(TARGET_NAME)";
				TARGETED_DEVICE_FAMILY = "1,2";
				TEST_TARGET_NAME = graph_gary_algorithm;
			};
			name = Release;
		};
/* End XCBuildConfiguration section */

/* Begin XCConfigurationList section */
		BA56DA261FCC1DC4000E2121 /* Build configuration list for PBXProject "graph_gary_algorithm" */ = {
			isa = XCConfigurationList;
			buildConfigurations = (
				BA56DA551FCC1DC5000E2121 /* Debug */,
				BA56DA561FCC1DC5000E2121 /* Release */,
			);
			defaultConfigurationIsVisible = 0;
			defaultConfigurationName = Release;
		};
		BA56DA571FCC1DC5000E2121 /* Build configuration list for PBXNativeTarget "graph_gary_algorithm" */ = {
			isa = XCConfigurationList;
			buildConfigurations = (
				BA56DA581FCC1DC5000E2121 /* Debug */,
				BA56DA591FCC1DC5000E2121 /* Release */,
			);
			defaultConfigurationIsVisible = 0;
			defaultConfigurationName = Release;
		};
		BA56DA5A1FCC1DC5000E2121 /* Build configuration list for PBXNativeTarget "graph_gary_algorithmTests" */ = {
			isa = XCConfigurationList;
			buildConfigurations = (
				BA56DA5B1FCC1DC5000E2121 /* Debug */,
				BA56DA5C1FCC1DC5000E2121 /* Release */,
			);
			defaultConfigurationIsVisible = 0;
			defaultConfigurationName = Release;
		};
		BA56DA5D1FCC1DC5000E2121 /* Build configuration list for PBXNativeTarget "graph_gary_algorithmUITests" */ = {
			isa = XCConfigurationList;
			buildConfigurations = (
				BA56DA5E1FCC1DC5000E2121 /* Debug */,
				BA56DA5F1FCC1DC5000E2121 /* Release */,
			);
			defaultConfigurationIsVisible = 0;
			defaultConfigurationName = Release;
		};
/* End XCConfigurationList section */
	};
	rootObject = BA56DA231FCC1DC4000E2121 /* Project object */;
}
